
Microsoft Visual Studio Solution File, Format Version 12.00
# Visual Studio 15
VisualStudioVersion = 15.0.27703.2026
MinimumVisualStudioVersion = 10.0.40219.1
Project("{8BC9CEB8-8B4A-11D0-8D11-00A0C91BC942}") = "OutputFormats", "OutputFormats\OutputFormats.vcxproj", "{FFF8EB3F-DB67-4089-9E6D-845B1ADFD152}"
EndProject
Global
	GlobalSection(SolutionConfigurationPlatforms) = preSolution
		Debug|x64 = Debug|x64
		Debug|x86 = Debug|x86
		Release|x64 = Release|x64
		Release|x86 = Release|x86
	EndGlobalSection
	GlobalSection(ProjectConfigurationPlatforms) = postSolution
		{FFF8EB3F-DB67-4089-9E6D-845B1ADFD152}.Debug|x64.ActiveCfg = Debug|x64
		{FFF8EB3F-DB67-4089-9E6D-845B1ADFD152}.Debug|x64.Build.0 = Debug|x64
		{FFF8EB3F-DB67-4089-9E6D-845B1ADFD152}.Debug|x86.ActiveCfg = Debug|Win32
		{FFF8EB3F-DB67-4089-9E6D-845B1ADFD152}.Debug|x86.Build.0 = Debug|Win32
		{FFF8EB3F-DB67-4089-9E6D-845B1ADFD152}.Release|x64.ActiveCfg = Release|x64
		{FFF8EB3F-DB67-4089-9E6D-845B1ADFD152}.Release|x64.Build.0 = Release|x64
		{FFF8EB3F-DB67-4089-9E6D-845B1ADFD152}.Release|x86.ActiveCfg = Release|Win32
		{FFF8EB3F-DB67-4089-9E6D-845B1ADFD152}.Release|x86.Build.0 = Release|Win32
	EndGlobalSection
	GlobalSection(SolutionProperties) = preSolution
		HideSolutionNode = FALSE
	EndGlobalSection
	GlobalSection(ExtensibilityGlobals) = postSolution
		SolutionGuid = {642598E7-476F-41AF-8FF1-136F92F8B4A2}
	EndGlobalSection
EndGlobal
